
Microsoft Visual Studio Solution File, Format Version 12.00
# Visual Studio Version 16
VisualStudioVersion = 16.0.31424.327
MinimumVisualStudioVersion = 10.0.40219.1
Project("{9A19103F-16F7-4668-BE54-9A1E7A4F7556}") = "MSP430_Project", "MSP430_Project.csproj", "{75976EA2-6B10-4AC0-BE40-38391B677C80}"
EndProject
Global
	GlobalSection(SolutionConfigurationPlatforms) = preSolution
		Debug|Any CPU = Debug|Any CPU
		Release|Any CPU = Release|Any CPU
	EndGlobalSection
	GlobalSection(ProjectConfigurationPlatforms) = postSolution
		{75976EA2-6B10-4AC0-BE40-38391B677C80}.Debug|Any CPU.ActiveCfg = Debug|Any CPU
		{75976EA2-6B10-4AC0-BE40-38391B677C80}.Debug|Any CPU.Build.0 = Debug|Any CPU
		{75976EA2-6B10-4AC0-BE40-38391B677C80}.Release|Any CPU.ActiveCfg = Release|Any CPU
		{75976EA2-6B10-4AC0-BE40-38391B677C80}.Release|Any CPU.Build.0 = Release|Any CPU
	EndGlobalSection
	GlobalSection(SolutionProperties) = preSolution
		HideSolutionNode = FALSE
	EndGlobalSection
	GlobalSection(ExtensibilityGlobals) = postSolution
		SolutionGuid = {1B4A4004-2C0E-478A-9179-0ED2D0E70F37}
	EndGlobalSection
EndGlobal
